
Microsoft Visual Studio Solution File, Format Version 12.00
# Visual Studio Version 17
VisualStudioVersion = 17.4.33103.184
MinimumVisualStudioVersion = 10.0.40219.1
Project("{FAE04EC0-301F-11D3-BF4B-00C04F79EFBC}") = "AdventOfCode", "AdventOfCode\AdventOfCode.csproj", "{4260FBE0-6B6E-4B6A-80A1-7469A76AA19E}"
EndProject
Project("{2150E333-8FDC-42A3-9474-1A3956D46DE8}") = "Solution Items", "Solution Items", "{7A88A197-0EDC-4C03-9148-801A29D9E389}"
	ProjectSection(SolutionItems) = preProject
		README.md = README.md
	EndProjectSection
EndProject
Global
	GlobalSection(SolutionConfigurationPlatforms) = preSolution
		Debug|Any CPU = Debug|Any CPU
		Release|Any CPU = Release|Any CPU
	EndGlobalSection
	GlobalSection(ProjectConfigurationPlatforms) = postSolution
		{4260FBE0-6B6E-4B6A-80A1-7469A76AA19E}.Debug|Any CPU.ActiveCfg = Debug|Any CPU
		{4260FBE0-6B6E-4B6A-80A1-7469A76AA19E}.Debug|Any CPU.Build.0 = Debug|Any CPU
		{4260FBE0-6B6E-4B6A-80A1-7469A76AA19E}.Release|Any CPU.ActiveCfg = Release|Any CPU
		{4260FBE0-6B6E-4B6A-80A1-7469A76AA19E}.Release|Any CPU.Build.0 = Release|Any CPU
	EndGlobalSection
	GlobalSection(SolutionProperties) = preSolution
		HideSolutionNode = FALSE
	EndGlobalSection
	GlobalSection(ExtensibilityGlobals) = postSolution
		SolutionGuid = {67354475-1910-488A-BC84-DFFF58BFB1A9}
	EndGlobalSection
EndGlobal
